# THIS IS AN AUTOGENERATED FILE. DO NOT EDIT THIS FILE DIRECTLY.
# yarn lockfile v1


immer@^6.0.2:
  version "6.0.2"
  resolved "https://registry.yarnpkg.com/immer/-/immer-6.0.2.tgz#5bc08dc4930c756d0749533a2afbd88c8de0cd19"
  integrity sha512-56CMvUMZl4kkWJFFUe1TjBgGbyb9ibzpLyHD+RSKSVdytuDXgT/HXO1S+GJVywMVl5neGTdAogoR15eRVEd10Q==
